// !$*UTF8*$!
{
	archiveVersion = 1;
	classes = {
	};
	objectVersion = 77;
	objects = {

/* Begin PBXContainerItemProxy section */
		8FB42F892E031E5D009D7085 /* PBXContainerItemProxy */ = {
			isa = PBXContainerItemProxy;
			containerPortal = 8FB42F732E031E5C009D7085 /* Project object */;
			proxyType = 1;
			remoteGlobalIDString = 8FB42F7A2E031E5C009D7085;
			remoteInfo = Runova;
		};
		8FB42F932E031E5D009D7085 /* PBXContainerItemProxy */ = {
			isa = PBXContainerItemProxy;
			containerPortal = 8FB42F732E031E5C009D7085 /* Project object */;
			proxyType = 1;
			remoteGlobalIDString = 8FB42F7A2E031E5C009D7085;
			remoteInfo = Runova;
		};
/* End PBXContainerItemProxy section */

/* Begin PBXFileReference section */
		8FB42F7B2E031E5C009D7085 /* Runova.app */ = {isa = PBXFileReference; explicitFileType = wrapper.application; includeInIndex = 0; path = Runova.app; sourceTree = BUILT_PRODUCTS_DIR; };
		8FB42F882E031E5D009D7085 /* RunovaTests.xctest */ = {isa = PBXFileReference; explicitFileType = wrapper.cfbundle; includeInIndex = 0; path = RunovaTests.xctest; sourceTree = BUILT_PRODUCTS_DIR; };
		8FB42F922E031E5D009D7085 /* RunovaUITests.xctest */ = {isa = PBXFileReference; explicitFileType = wrapper.cfbundle; includeInIndex = 0; path = RunovaUITests.xctest; sourceTree = BUILT_PRODUCTS_DIR; };
/* End PBXFileReference section */

/* Begin PBXFileSystemSynchronizedBuildFileExceptionSet section */
		8FAB2B6B2E1E3200000308D5 /* Exceptions for "RunovaTests" folder in "Runova" target */ = {
			isa = PBXFileSystemSynchronizedBuildFileExceptionSet;
			membershipExceptions = (
				RunovaTests.swift,
			);
			target = 8FB42F7A2E031E5C009D7085 /* Runova */;
		};
		8FAB2B6C2E1E3200000308D5 /* Exceptions for "RunovaTests" folder in "RunovaTests" target */ = {
			isa = PBXFileSystemSynchronizedBuildFileExceptionSet;
			membershipExceptions = (
				RunovaTests.swift,
			);
			target = 8FB42F872E031E5D009D7085 /* RunovaTests */;
		};
/* End PBXFileSystemSynchronizedBuildFileExceptionSet section */

/* Begin PBXFileSystemSynchronizedRootGroup section */
		8FAB2B692E1E3200000308D5 /* RunovaTests */ = {
			isa = PBXFileSystemSynchronizedRootGroup;
			exceptions = (
				8FAB2B6B2E1E3200000308D5 /* Exceptions for "RunovaTests" folder in "Runova" target */,
				8FAB2B6C2E1E3200000308D5 /* Exceptions for "RunovaTests" folder in "RunovaTests" target */,
			);
			path = RunovaTests;
			sourceTree = "<group>";
		};
		8FB42F7D2E031E5C009D7085 /* Runova */ = {
			isa = PBXFileSystemSynchronizedRootGroup;
			path = Runova;
			sourceTree = "<group>";
		};
		8FB42F952E031E5D009D7085 /* RunovaUITests */ = {
			isa = PBXFileSystemSynchronizedRootGroup;
			path = RunovaUITests;
			sourceTree = "<group>";
		};
/* End PBXFileSystemSynchronizedRootGroup section */

/* Begin PBXFrameworksBuildPhase section */
		8FB42F782E031E5C009D7085 /* Frameworks */ = {
			isa = PBXFrameworksBuildPhase;
			buildActionMask = 2147483647;
			files = (
			);
			runOnlyForDeploymentPostprocessing = 0;
		};
		8FB42F852E031E5D009D7085 /* Frameworks */ = {
			isa = PBXFrameworksBuildPhase;
			buildActionMask = 2147483647;
			files = (
			);
			runOnlyForDeploymentPostprocessing = 0;
		};
		8FB42F8F2E031E5D009D7085 /* Frameworks */ = {
			isa = PBXFrameworksBuildPhase;
			buildActionMask = 2147483647;
			files = (
			);
			runOnlyForDeploymentPostprocessing = 0;
		};
/* End PBXFrameworksBuildPhase section */

/* Begin PBXGroup section */
		8FB42F722E031E5C009D7085 = {
			isa = PBXGroup;
			children = (
				8FB42F7D2E031E5C009D7085 /* Runova */,
				8FB42F952E031E5D009D7085 /* RunovaUITests */,
				8FB42F7C2E031E5C009D7085 /* Products */,
				8FAB2B692E1E3200000308D5 /* RunovaTests */,
			);
			sourceTree = "<group>";
		};
		8FB42F7C2E031E5C009D7085 /* Products */ = {
			isa = PBXGroup;
			children = (
				8FB42F7B2E031E5C009D7085 /* Runova.app */,
				8FB42F882E031E5D009D7085 /* RunovaTests.xctest */,
				8FB42F922E031E5D009D7085 /* RunovaUITests.xctest */,
			);
			name = Products;
			sourceTree = "<group>";
		};
/* End PBXGroup section */

/* Begin PBXNativeTarget section */
		8FB42F7A2E031E5C009D7085 /* Runova */ = {
			isa = PBXNativeTarget;
			buildConfigurationList = 8FB42F9C2E031E5D009D7085 /* Build configuration list for PBXNativeTarget "Runova" */;
			buildPhases = (
				8FB42F772E031E5C009D7085 /* Sources */,
				8FB42F782E031E5C009D7085 /* Frameworks */,
				8FB42F792E031E5C009D7085 /* Resources */,
			);
			buildRules = (
			);
			dependencies = (
			);
			fileSystemSynchronizedGroups = (
				8FAB2B692E1E3200000308D5 /* RunovaTests */,
				8FB42F7D2E031E5C009D7085 /* Runova */,
			);
			name = Runova;
			packageProductDependencies = (
			);
			productName = Runova;
			productReference = 8FB42F7B2E031E5C009D7085 /* Runova.app */;
			productType = "com.apple.product-type.application";
		};
		8FB42F872E031E5D009D7085 /* RunovaTests */ = {
			isa = PBXNativeTarget;
			buildConfigurationList = 8FB42F9F2E031E5D009D7085 /* Build configuration list for PBXNativeTarget "RunovaTests" */;
			buildPhases = (
				8FB42F842E031E5D009D7085 /* Sources */,
				8FB42F852E031E5D009D7085 /* Frameworks */,
				8FB42F862E031E5D009D7085 /* Resources */,
			);
			buildRules = (
			);
			dependencies = (
				8FB42F8A2E031E5D009D7085 /* PBXTargetDependency */,
			);
			name = RunovaTests;
			packageProductDependencies = (
			);
			productName = RunovaTests;
			productReference = 8FB42F882E031E5D009D7085 /* RunovaTests.xctest */;
			productType = "com.apple.product-type.bundle.unit-test";
		};
		8FB42F912E031E5D009D7085 /* RunovaUITests */ = {
			isa = PBXNativeTarget;
			buildConfigurationList = 8FB42FA22E031E5D009D7085 /* Build configuration list for PBXNativeTarget "RunovaUITests" */;
			buildPhases = (
				8FB42F8E2E031E5D009D7085 /* Sources */,
				8FB42F8F2E031E5D009D7085 /* Frameworks */,
				8FB42F902E031E5D009D7085 /* Resources */,
			);
			buildRules = (
			);
			dependencies = (
				8FB42F942E031E5D009D7085 /* PBXTargetDependency */,
			);
			fileSystemSynchronizedGroups = (
				8FB42F952E031E5D009D7085 /* RunovaUITests */,
			);
			name = RunovaUITests;
			packageProductDependencies = (
			);
			productName = RunovaUITests;
			productReference = 8FB42F922E031E5D009D7085 /* RunovaUITests.xctest */;
			productType = "com.apple.product-type.bundle.ui-testing";
		};
/* End PBXNativeTarget section */

/* Begin PBXProject section */
		8FB42F732E031E5C009D7085 /* Project object */ = {
			isa = PBXProject;
			attributes = {
				BuildIndependentTargetsInParallel = 1;
				LastSwiftUpdateCheck = 1640;
				LastUpgradeCheck = 1640;
				TargetAttributes = {
					8FB42F7A2E031E5C009D7085 = {
						CreatedOnToolsVersion = 16.4;
					};
					8FB42F872E031E5D009D7085 = {
						CreatedOnToolsVersion = 16.4;
						TestTargetID = 8FB42F7A2E031E5C009D7085;
					};
					8FB42F912E031E5D009D7085 = {
						CreatedOnToolsVersion = 16.4;
						TestTargetID = 8FB42F7A2E031E5C009D7085;
					};
				};
			};
			buildConfigurationList = 8FB42F762E031E5C009D7085 /* Build configuration list for PBXProject "Runova" */;
			developmentRegion = en;
			hasScannedForEncodings = 0;
			knownRegions = (
				en,
				Base,
			);
			mainGroup = 8FB42F722E031E5C009D7085;
			minimizedProjectReferenceProxies = 1;
			preferredProjectObjectVersion = 77;
			productRefGroup = 8FB42F7C2E031E5C009D7085 /* Products */;
			projectDirPath = "";
			projectRoot = "";
			targets = (
				8FB42F7A2E031E5C009D7085 /* Runova */,
				8FB42F872E031E5D009D7085 /* RunovaTests */,
				8FB42F912E031E5D009D7085 /* RunovaUITests */,
			);
		};
/* End PBXProject section */

/* Begin PBXResourcesBuildPhase section */
		8FB42F792E031E5C009D7085 /* Resources */ = {
			isa = PBXResourcesBuildPhase;
			buildActionMask = 2147483647;
			files = (
			);
			runOnlyForDeploymentPostprocessing = 0;
		};
		8FB42F862E031E5D009D7085 /* Resources */ = {
			isa = PBXResourcesBuildPhase;
			buildActionMask = 2147483647;
			files = (
			);
			runOnlyForDeploymentPostprocessing = 0;
		};
		8FB42F902E031E5D009D7085 /* Resources */ = {
			isa = PBXResourcesBuildPhase;
			buildActionMask = 2147483647;
			files = (
			);
			runOnlyForDeploymentPostprocessing = 0;
		};
/* End PBXResourcesBuildPhase section */

/* Begin PBXSourcesBuildPhase section */
		8FB42F772E031E5C009D7085 /* Sources */ = {
			isa = PBXSourcesBuildPhase;
			buildActionMask = 2147483647;
			files = (
			);
			runOnlyForDeploymentPostprocessing = 0;
		};
		8FB42F842E031E5D009D7085 /* Sources */ = {
			isa = PBXSourcesBuildPhase;
			buildActionMask = 2147483647;
			files = (
			);
			runOnlyForDeploymentPostprocessing = 0;
		};
		8FB42F8E2E031E5D009D7085 /* Sources */ = {
			isa = PBXSourcesBuildPhase;
			buildActionMask = 2147483647;
			files = (
			);
			runOnlyForDeploymentPostprocessing = 0;
		};
/* End PBXSourcesBuildPhase section */

/* Begin PBXTargetDependency section */
		8FB42F8A2E031E5D009D7085 /* PBXTargetDependency */ = {
			isa = PBXTargetDependency;
			target = 8FB42F7A2E031E5C009D7085 /* Runova */;
			targetProxy = 8FB42F892E031E5D009D7085 /* PBXContainerItemProxy */;
		};
		8FB42F942E031E5D009D7085 /* PBXTargetDependency */ = {
			isa = PBXTargetDependency;
			target = 8FB42F7A2E031E5C009D7085 /* Runova */;
			targetProxy = 8FB42F932E031E5D009D7085 /* PBXContainerItemProxy */;
		};
/* End PBXTargetDependency section */

/* Begin XCBuildConfiguration section */
		8FB42F9A2E031E5D009D7085 /* Debug */ = {
			isa = XCBuildConfiguration;
			buildSettings = {
				ALWAYS_SEARCH_USER_PATHS = NO;
				ASSETCATALOG_COMPILER_GENERATE_SWIFT_ASSET_SYMBOL_EXTENSIONS = YES;
				CLANG_ANALYZER_NONNULL = YES;
				CLANG_ANALYZER_NUMBER_OBJECT_CONVERSION = YES_AGGRESSIVE;
				CLANG_CXX_LANGUAGE_STANDARD = "gnu++20";
				CLANG_ENABLE_MODULES = YES;
				CLANG_ENABLE_OBJC_ARC = YES;
				CLANG_ENABLE_OBJC_WEAK = YES;
				CLANG_WARN_BLOCK_CAPTURE_AUTORELEASING = YES;
				CLANG_WARN_BOOL_CONVERSION = YES;
				CLANG_WARN_COMMA = YES;
				CLANG_WARN_CONSTANT_CONVERSION = YES;
				CLANG_WARN_DEPRECATED_OBJC_IMPLEMENTATIONS = YES;
				CLANG_WARN_DIRECT_OBJC_ISA_USAGE = YES_ERROR;
				CLANG_WARN_DOCUMENTATION_COMMENTS = YES;
				CLANG_WARN_EMPTY_BODY = YES;
				CLANG_WARN_ENUM_CONVERSION = YES;
				CLANG_WARN_INFINITE_RECURSION = YES;
				CLANG_WARN_INT_CONVERSION = YES;
				CLANG_WARN_NON_LITERAL_NULL_CONVERSION = YES;
				CLANG_WARN_OBJC_IMPLICIT_RETAIN_SELF = YES;
				CLANG_WARN_OBJC_LITERAL_CONVERSION = YES;
				CLANG_WARN_OBJC_ROOT_CLASS = YES_ERROR;
				CLANG_WARN_QUOTED_INCLUDE_IN_FRAMEWORK_HEADER = YES;
				CLANG_WARN_RANGE_LOOP_ANALYSIS = YES;
				CLANG_WARN_STRICT_PROTOTYPES = YES;
				CLANG_WARN_SUSPICIOUS_MOVE = YES;
				CLANG_WARN_UNGUARDED_AVAILABILITY = YES_AGGRESSIVE;
				CLANG_WARN_UNREACHABLE_CODE = YES;
				CLANG_WARN__DUPLICATE_METHOD_MATCH = YES;
				COPY_PHASE_STRIP = NO;
				DEBUG_INFORMATION_FORMAT = dwarf;
				ENABLE_STRICT_OBJC_MSGSEND = YES;
				ENABLE_TESTABILITY = YES;
				ENABLE_USER_SCRIPT_SANDBOXING = YES;
				GCC_C_LANGUAGE_STANDARD = gnu17;
				GCC_DYNAMIC_NO_PIC = NO;
				GCC_NO_COMMON_BLOCKS = YES;
				GCC_OPTIMIZATION_LEVEL = 0;
				GCC_PREPROCESSOR_DEFINITIONS = (
					"DEBUG=1",
					"$(inherited)",
				);
				GCC_WARN_64_TO_32_BIT_CONVERSION = YES;
				GCC_WARN_ABOUT_RETURN_TYPE = YES_ERROR;
				GCC_WARN_UNDECLARED_SELECTOR = YES;
				GCC_WARN_UNINITIALIZED_AUTOS = YES_AGGRESSIVE;
				GCC_WARN_UNUSED_FUNCTION = YES;
				GCC_WARN_UNUSED_VARIABLE = YES;
				IPHONEOS_DEPLOYMENT_TARGET = 18.5;
				LOCALIZATION_PREFERS_STRING_CATALOGS = YES;
				MTL_ENABLE_DEBUG_INFO = INCLUDE_SOURCE;
				MTL_FAST_MATH = YES;
				ONLY_ACTIVE_ARCH = YES;
				SDKROOT = iphoneos;
				SWIFT_ACTIVE_COMPILATION_CONDITIONS = "DEBUG $(inherited)";
				SWIFT_OPTIMIZATION_LEVEL = "-Onone";
			};
			name = Debug;
		};
		8FB42F9B2E031E5D009D7085 /* Release */ = {
			isa = XCBuildConfiguration;
			buildSettings = {
				ALWAYS_SEARCH_USER_PATHS = NO;
				ASSETCATALOG_COMPILER_GENERATE_SWIFT_ASSET_SYMBOL_EXTENSIONS = YES;
				CLANG_ANALYZER_NONNULL = YES;
				CLANG_ANALYZER_NUMBER_OBJECT_CONVERSION = YES_AGGRESSIVE;
				CLANG_CXX_LANGUAGE_STANDARD = "gnu++20";
				CLANG_ENABLE_MODULES = YES;
				CLANG_ENABLE_OBJC_ARC = YES;
				CLANG_ENABLE_OBJC_WEAK = YES;
				CLANG_WARN_BLOCK_CAPTURE_AUTORELEASING = YES;
				CLANG_WARN_BOOL_CONVERSION = YES;
				CLANG_WARN_COMMA = YES;
				CLANG_WARN_CONSTANT_CONVERSION = YES;
				CLANG_WARN_DEPRECATED_OBJC_IMPLEMENTATIONS = YES;
				CLANG_WARN_DIRECT_OBJC_ISA_USAGE = YES_ERROR;
				CLANG_WARN_DOCUMENTATION_COMMENTS = YES;
				CLANG_WARN_EMPTY_BODY = YES;
				CLANG_WARN_ENUM_CONVERSION = YES;
				CLANG_WARN_INFINITE_RECURSION = YES;
				CLANG_WARN_INT_CONVERSION = YES;
				CLANG_WARN_NON_LITERAL_NULL_CONVERSION = YES;
				CLANG_WARN_OBJC_IMPLICIT_RETAIN_SELF = YES;
				CLANG_WARN_OBJC_LITERAL_CONVERSION = YES;
				CLANG_WARN_OBJC_ROOT_CLASS = YES_ERROR;
				CLANG_WARN_QUOTED_INCLUDE_IN_FRAMEWORK_HEADER = YES;
				CLANG_WARN_RANGE_LOOP_ANALYSIS = YES;
				CLANG_WARN_STRICT_PROTOTYPES = YES;
				CLANG_WARN_SUSPICIOUS_MOVE = YES;
				CLANG_WARN_UNGUARDED_AVAILABILITY = YES_AGGRESSIVE;
				CLANG_WARN_UNREACHABLE_CODE = YES;
				CLANG_WARN__DUPLICATE_METHOD_MATCH = YES;
				COPY_PHASE_STRIP = NO;
				DEBUG_INFORMATION_FORMAT = "dwarf-with-dsym";
				ENABLE_NS_ASSERTIONS = NO;
				ENABLE_STRICT_OBJC_MSGSEND = YES;
				ENABLE_USER_SCRIPT_SANDBOXING = YES;
				GCC_C_LANGUAGE_STANDARD = gnu17;
				GCC_NO_COMMON_BLOCKS = YES;
				GCC_WARN_64_TO_32_BIT_CONVERSION = YES;
				GCC_WARN_ABOUT_RETURN_TYPE = YES_ERROR;
				GCC_WARN_UNDECLARED_SELECTOR = YES;
				GCC_WARN_UNINITIALIZED_AUTOS = YES_AGGRESSIVE;
				GCC_WARN_UNUSED_FUNCTION = YES;
				GCC_WARN_UNUSED_VARIABLE = YES;
				IPHONEOS_DEPLOYMENT_TARGET = 18.5;
				LOCALIZATION_PREFERS_STRING_CATALOGS = YES;
				MTL_ENABLE_DEBUG_INFO = NO;
				MTL_FAST_MATH = YES;
				SDKROOT = iphoneos;
				SWIFT_COMPILATION_MODE = wholemodule;
				VALIDATE_PRODUCT = YES;
			};
			name = Release;
		};
		8FB42F9D2E031E5D009D7085 /* Debug */ = {
			isa = XCBuildConfiguration;
			buildSettings = {
				ASSETCATALOG_COMPILER_APPICON_NAME = AppIcon;
				ASSETCATALOG_COMPILER_GLOBAL_ACCENT_COLOR_NAME = AccentColor;
				CODE_SIGN_STYLE = Automatic;
				CURRENT_PROJECT_VERSION = 1;
				DEVELOPMENT_TEAM = DRWKJPDQ23;
				ENABLE_PREVIEWS = YES;
				GENERATE_INFOPLIST_FILE = YES;
				INFOPLIST_KEY_UIApplicationSceneManifest_Generation = YES;
				INFOPLIST_KEY_UIApplicationSupportsIndirectInputEvents = YES;
				INFOPLIST_KEY_UILaunchScreen_Generation = YES;
				INFOPLIST_KEY_UISupportedInterfaceOrientations_iPad = "UIInterfaceOrientationPortrait UIInterfaceOrientationPortraitUpsideDown UIInterfaceOrientationLandscapeLeft UIInterfaceOrientationLandscapeRight";
				INFOPLIST_KEY_UISupportedInterfaceOrientations_iPhone = "UIInterfaceOrientationPortrait UIInterfaceOrientationLandscapeLeft UIInterfaceOrientationLandscapeRight";
				IPHONEOS_DEPLOYMENT_TARGET = 18.0;
				LD_RUNPATH_SEARCH_PATHS = (
					"$(inherited)",
					"@executable_path/Frameworks",
				);
				MARKETING_VERSION = 1.0;
				PRODUCT_BUNDLE_IDENTIFIER = del.ac.id.Runova;
				PRODUCT_NAME = "$(TARGET_NAME)";
				SWIFT_EMIT_LOC_STRINGS = YES;
				SWIFT_VERSION = 5.0;
				TARGETED_DEVICE_FAMILY = "1,2";
			};
			name = Debug;
		};
		8FB42F9E2E031E5D009D7085 /* Release */ = {
			isa = XCBuildConfiguration;
			buildSettings = {
				ASSETCATALOG_COMPILER_APPICON_NAME = AppIcon;
				ASSETCATALOG_COMPILER_GLOBAL_ACCENT_COLOR_NAME = AccentColor;
				CODE_SIGN_STYLE = Automatic;
				CURRENT_PROJECT_VERSION = 1;
				DEVELOPMENT_TEAM = DRWKJPDQ23;
				ENABLE_PREVIEWS = YES;
				GENERATE_INFOPLIST_FILE = YES;
				INFOPLIST_KEY_UIApplicationSceneManifest_Generation = YES;
				INFOPLIST_KEY_UIApplicationSupportsIndirectInputEvents = YES;
				INFOPLIST_KEY_UILaunchScreen_Generation = YES;
				INFOPLIST_KEY_UISupportedInterfaceOrientations_iPad = "UIInterfaceOrientationPortrait UIInterfaceOrientationPortraitUpsideDown UIInterfaceOrientationLandscapeLeft UIInterfaceOrientationLandscapeRight";
				INFOPLIST_KEY_UISupportedInterfaceOrientations_iPhone = "UIInterfaceOrientationPortrait UIInterfaceOrientationLandscapeLeft UIInterfaceOrientationLandscapeRight";
				IPHONEOS_DEPLOYMENT_TARGET = 18.0;
				LD_RUNPATH_SEARCH_PATHS = (
					"$(inherited)",
					"@executable_path/Frameworks",
				);
				MARKETING_VERSION = 1.0;
				PRODUCT_BUNDLE_IDENTIFIER = del.ac.id.Runova;
				PRODUCT_NAME = "$(TARGET_NAME)";
				SWIFT_EMIT_LOC_STRINGS = YES;
				SWIFT_VERSION = 5.0;
				TARGETED_DEVICE_FAMILY = "1,2";
			};
			name = Release;
		};
		8FB42FA02E031E5D009D7085 /* Debug */ = {
			isa = XCBuildConfiguration;
			buildSettings = {
				BUNDLE_LOADER = "$(TEST_HOST)";
				CODE_SIGN_STYLE = Automatic;
				CURRENT_PROJECT_VERSION = 1;
				GENERATE_INFOPLIST_FILE = YES;
				IPHONEOS_DEPLOYMENT_TARGET = 18.5;
				MARKETING_VERSION = 1.0;
				PRODUCT_BUNDLE_IDENTIFIER = del.ac.id.RunovaTests;
				PRODUCT_NAME = "$(TARGET_NAME)";
				SWIFT_EMIT_LOC_STRINGS = NO;
				SWIFT_VERSION = 5.0;
				TARGETED_DEVICE_FAMILY = "1,2";
				TEST_HOST = "$(BUILT_PRODUCTS_DIR)/Runova.app/$(BUNDLE_EXECUTABLE_FOLDER_PATH)/Runova";
			};
			name = Debug;
		};
		8FB42FA12E031E5D009D7085 /* Release */ = {
			isa = XCBuildConfiguration;
			buildSettings = {
				BUNDLE_LOADER = "$(TEST_HOST)";
				CODE_SIGN_STYLE = Automatic;
				CURRENT_PROJECT_VERSION = 1;
				GENERATE_INFOPLIST_FILE = YES;
				IPHONEOS_DEPLOYMENT_TARGET = 18.5;
				MARKETING_VERSION = 1.0;
				PRODUCT_BUNDLE_IDENTIFIER = del.ac.id.RunovaTests;
				PRODUCT_NAME = "$(TARGET_NAME)";
				SWIFT_EMIT_LOC_STRINGS = NO;
				SWIFT_VERSION = 5.0;
				TARGETED_DEVICE_FAMILY = "1,2";
				TEST_HOST = "$(BUILT_PRODUCTS_DIR)/Runova.app/$(BUNDLE_EXECUTABLE_FOLDER_PATH)/Runova";
			};
			name = Release;
		};
		8FB42FA32E031E5D009D7085 /* Debug */ = {
			isa = XCBuildConfiguration;
			buildSettings = {
				CODE_SIGN_STYLE = Automatic;
				CURRENT_PROJECT_VERSION = 1;
				GENERATE_INFOPLIST_FILE = YES;
				MARKETING_VERSION = 1.0;
				PRODUCT_BUNDLE_IDENTIFIER = del.ac.id.RunovaUITests;
				PRODUCT_NAME = "$(TARGET_NAME)";
				SWIFT_EMIT_LOC_STRINGS = NO;
				SWIFT_VERSION = 5.0;
				TARGETED_DEVICE_FAMILY = "1,2";
				TEST_TARGET_NAME = Runova;
			};
			name = Debug;
		};
		8FB42FA42E031E5D009D7085 /* Release */ = {
			isa = XCBuildConfiguration;
			buildSettings = {
				CODE_SIGN_STYLE = Automatic;
				CURRENT_PROJECT_VERSION = 1;
				GENERATE_INFOPLIST_FILE = YES;
				MARKETING_VERSION = 1.0;
				PRODUCT_BUNDLE_IDENTIFIER = del.ac.id.RunovaUITests;
				PRODUCT_NAME = "$(TARGET_NAME)";
				SWIFT_EMIT_LOC_STRINGS = NO;
				SWIFT_VERSION = 5.0;
				TARGETED_DEVICE_FAMILY = "1,2";
				TEST_TARGET_NAME = Runova;
			};
			name = Release;
		};
/* End XCBuildConfiguration section */

/* Begin XCConfigurationList section */
		8FB42F762E031E5C009D7085 /* Build configuration list for PBXProject "Runova" */ = {
			isa = XCConfigurationList;
			buildConfigurations = (
				8FB42F9A2E031E5D009D7085 /* Debug */,
				8FB42F9B2E031E5D009D7085 /* Release */,
			);
			defaultConfigurationIsVisible = 0;
			defaultConfigurationName = Release;
		};
		8FB42F9C2E031E5D009D7085 /* Build configuration list for PBXNativeTarget "Runova" */ = {
			isa = XCConfigurationList;
			buildConfigurations = (
				8FB42F9D2E031E5D009D7085 /* Debug */,
				8FB42F9E2E031E5D009D7085 /* Release */,
			);
			defaultConfigurationIsVisible = 0;
			defaultConfigurationName = Release;
		};
		8FB42F9F2E031E5D009D7085 /* Build configuration list for PBXNativeTarget "RunovaTests" */ = {
			isa = XCConfigurationList;
			buildConfigurations = (
				8FB42FA02E031E5D009D7085 /* Debug */,
				8FB42FA12E031E5D009D7085 /* Release */,
			);
			defaultConfigurationIsVisible = 0;
			defaultConfigurationName = Release;
		};
		8FB42FA22E031E5D009D7085 /* Build configuration list for PBXNativeTarget "RunovaUITests" */ = {
			isa = XCConfigurationList;
			buildConfigurations = (
				8FB42FA32E031E5D009D7085 /* Debug */,
				8FB42FA42E031E5D009D7085 /* Release */,
			);
			defaultConfigurationIsVisible = 0;
			defaultConfigurationName = Release;
		};
/* End XCConfigurationList section */
	};
	rootObject = 8FB42F732E031E5C009D7085 /* Project object */;
}
